
Microsoft Visual Studio Solution File, Format Version 12.00
# Visual Studio 15
VisualStudioVersion = 15.0.28307.168
MinimumVisualStudioVersion = 10.0.40219.1
Project("{9A19103F-16F7-4668-BE54-9A1E7A4F7556}") = "GrowthWheel_AutoTests", "GrowthWheel_AutoTests.csproj", "{D9E486F7-691C-44A5-99A6-DFB695A4FC55}"
EndProject
Global
	GlobalSection(SolutionConfigurationPlatforms) = preSolution
		Debug|Any CPU = Debug|Any CPU
		Release|Any CPU = Release|Any CPU
	EndGlobalSection
	GlobalSection(ProjectConfigurationPlatforms) = postSolution
		{D9E486F7-691C-44A5-99A6-DFB695A4FC55}.Debug|Any CPU.ActiveCfg = Debug|Any CPU
		{D9E486F7-691C-44A5-99A6-DFB695A4FC55}.Debug|Any CPU.Build.0 = Debug|Any CPU
		{D9E486F7-691C-44A5-99A6-DFB695A4FC55}.Release|Any CPU.ActiveCfg = Release|Any CPU
		{D9E486F7-691C-44A5-99A6-DFB695A4FC55}.Release|Any CPU.Build.0 = Release|Any CPU
	EndGlobalSection
	GlobalSection(SolutionProperties) = preSolution
		HideSolutionNode = FALSE
	EndGlobalSection
	GlobalSection(ExtensibilityGlobals) = postSolution
		SolutionGuid = {70181CB1-3FCC-4679-A809-35B6132E39ED}
	EndGlobalSection
EndGlobal
